{
  "name": "simple-localization-app",
  "version": "1.0.1",
  "lockfileVersion": 3,
  "requires": true,
  "packages": {
    "": {
      "name": "simple-localization-app",
      "version": "1.0.1",
      "license": "MIT",
      "dependencies": {
        "machine-learning-integration": "^1.0.1"
      }
    },
    "node_modules/machine-learning-integration": {
      "version": "1.0.1",
      "resolved": "https://registry.npmjs.org/machine-learning-integration/-/machine-learning-integration-1.0.1.tgz",
      "integrity": "sha512-+Yfdvk/8qq2pJQgpMUIBStPmIUe346NjHCI2AYhUgk74S2NwcAEXCK2O89t1Zse6PDp2e+eLpYmyShd8Lz+frQ=="
    }
  }
}
